{
  "name": "mclang",
  "version": "1.0.0",
  "lockfileVersion": 1,
  "requires": true,
  "dependencies": {
    "@types/node": {
      "version": "14.0.25",
      "resolved": "https://registry.npmjs.org/@types/node/-/node-14.0.25.tgz",
      "integrity": "sha512-okMqUHqrMlGOxfDZliX1yFX5MV6qcd5PpRz96XYtjkM0Ws/hwg23FMUqt6pETrVRZS+EKUB5HY19mmo54EuQbA==",
      "dev": true
    }
  }
}
